github.com/go-sql-driver/mysql v1.6.0 h1:BCTh4TKNUYmOmMUcQ3IipzF5prigylS7XXjEkfCHuOE=
github.com/go-sql-driver/mysql v1.6.0/go.mod h1:DCzpHaOWr8IXmIStZouvnhqoel9Qv2LBy8hT2VhHyBg=
github.com/lib/pq v1.10.4 h1:SO9z7FRPzA03QhHKJrH5BXA6HU1rS4V2nIVrrNC1iYk=
github.com/lib/pq v1.10.4/go.mod h1:AlVN5x4E4T544tWzH6hKfbfQvm3HdbOxrmggDNAPY9o=
github.com/mattn/go-sqlite3 v1.14.9 h1:10HX2Td0ocZpYEjhilsuo6WWtUqttj2Kb0KtD86/KYA=
github.com/mattn/go-sqlite3 v1.14.9/go.mod h1:NyWgC/yNuGj7Q9rpYnZvas74GogHl5/Z4A/KQRfk6bU=
golang.org/x/sys v0.0.0-20201119102817-f84b799fce68 h1:nxC68pudNYkKU6jWhgrqdreuFiOQWj1Fs7T3VrH4Pjw=
golang.org/x/sys v0.0.0-20201119102817-f84b799fce68/go.mod h1:h1NjWce9XRLGQEsW7wpKNCjG9DtNlClVuFLEZdDNbEs=
golang.org/x/term v0.0.0-20210317153231-de623e64d2a6 h1:EC6+IGYTjPpRfv9a2b/6Puw0W+hLtAhkV1tPsXhutqs=
golang.org/x/term v0.0.0-20210317153231-de623e64d2a6/go.mod h1:bj7SfCRtBDWHUb9snDiAeCFNEtKQo2Wmx5Cou7ajbmo=
zgo.at/errors v1.1.0 h1:Pbii1NYBVmORykhsFd20NJfcCHqJWSuubhBQgmnOkPA=
zgo.at/errors v1.1.0/go.mod h1:POfgvh1LafF2NZJk6buGYCIhcHWuR/miB3nndyf3ozs=
zgo.at/zdb v0.0.0-20211220091832-32c8f6d736c9 h1:JvpndqPtFW8dSPXoH1biWHpsDEb33YtFVpp2v5WkmKk=
zgo.at/zdb v0.0.0-20211220091832-32c8f6d736c9/go.mod h1:yeN/Y52Q32mnn31mvT65RxoDJn/x6uEeBnDFA8/T/NE=
zgo.at/zli v0.0.0-20211215141047-76dae1509b03 h1:x8eqGxlYcqFkwd7zk77uZ9JoEiS6cxSWQbqFb8PqoW4=
zgo.at/zli v0.0.0-20211215141047-76dae1509b03/go.mod h1:pWkBHZ5qoEmvSDbFYdQMAKaRMEuAtdUKb21k/OOYOJw=
zgo.at/zstd v0.0.0-20211220090423-fa07dcab58f8 h1:abnHztdyE684SC5ctbWuJh0UQV6aumkFMS1T4/5rla8=
zgo.at/zstd v0.0.0-20211220090423-fa07dcab58f8/go.mod h1:sQqrTxBwKW0nlwcOg9RxXB8ikY+NBciJnJRPOq/gEuY=
